Microsoft Visual Studio Solution File, Format Version 11.00
# Visual Studio 2010
Project("{FAE04EC0-301F-11D3-BF4B-00C04F79EFBC}") = "wssSupplierETDRejection", "wssSupplierETDRejection\wssSupplierETDRejection.csproj", "{67BAB94C-C6AC-49F1-B2FF-28638DA64EF2}"
EndProject
Project("{54435603-DBB4-11D2-8724-00A0C9A8B90C}") = "Install_wssSupplierETDRejection", "Install_wssSupplierETDRejection\Install_wssSupplierETDRejection.vdproj", "{FFA28C1F-710B-4AB2-B329-CA1FDE144CD0}"
EndProject
Global
	GlobalSection(SolutionConfigurationPlatforms) = preSolution
		Debug|Any CPU = Debug|Any CPU
		Release|Any CPU = Release|Any CPU
	EndGlobalSection
	GlobalSection(ProjectConfigurationPlatforms) = postSolution
		{67BAB94C-C6AC-49F1-B2FF-28638DA64EF2}.Debug|Any CPU.ActiveCfg = Debug|Any CPU
		{67BAB94C-C6AC-49F1-B2FF-28638DA64EF2}.Debug|Any CPU.Build.0 = Debug|Any CPU
		{67BAB94C-C6AC-49F1-B2FF-28638DA64EF2}.Release|Any CPU.ActiveCfg = Release|Any CPU
		{67BAB94C-C6AC-49F1-B2FF-28638DA64EF2}.Release|Any CPU.Build.0 = Release|Any CPU
		{FFA28C1F-710B-4AB2-B329-CA1FDE144CD0}.Debug|Any CPU.ActiveCfg = Debug
		{FFA28C1F-710B-4AB2-B329-CA1FDE144CD0}.Release|Any CPU.ActiveCfg = Release
	EndGlobalSection
	GlobalSection(SolutionProperties) = preSolution
		HideSolutionNode = FALSE
	EndGlobalSection
EndGlobal
