
Microsoft Visual Studio Solution File, Format Version 10.00
# Visual Studio 2008
Project("{54435603-DBB4-11D2-8724-00A0C9A8B90C}") = "Install_wssPortalEgresos", "Install_wssPortalEgresos.vdproj", "{A2B88240-8ECB-4762-AA33-4B3A1FB09FEE}"
EndProject
Global
	GlobalSection(SolutionConfigurationPlatforms) = preSolution
		Debug|Default = Debug|Default
		Release|Default = Release|Default
	EndGlobalSection
	GlobalSection(ProjectConfigurationPlatforms) = postSolution
		{A2B88240-8ECB-4762-AA33-4B3A1FB09FEE}.Debug|Default.ActiveCfg = Debug
		{A2B88240-8ECB-4762-AA33-4B3A1FB09FEE}.Debug|Default.Build.0 = Debug
		{A2B88240-8ECB-4762-AA33-4B3A1FB09FEE}.Release|Default.ActiveCfg = Release
		{A2B88240-8ECB-4762-AA33-4B3A1FB09FEE}.Release|Default.Build.0 = Release
	EndGlobalSection
	GlobalSection(SolutionProperties) = preSolution
		HideSolutionNode = FALSE
	EndGlobalSection
EndGlobal
